
Microsoft Visual Studio Solution File, Format Version 12.00
# Visual Studio 15
VisualStudioVersion = 15.0.27130.0
MinimumVisualStudioVersion = 10.0.40219.1
Project("{FAE04EC0-301F-11D3-BF4B-00C04F79EFBC}") = "CartLockApp", "CartLockApp\CartLockApp.csproj", "{BA89B7B0-75B1-4117-A4CE-09B0E7006820}"
EndProject
Project("{FAE04EC0-301F-11D3-BF4B-00C04F79EFBC}") = "CartLock", "CartLock\CartLock.csproj", "{FD807AEC-8553-4978-B3DB-418C0A7EB83B}"
EndProject
Global
	GlobalSection(SolutionConfigurationPlatforms) = preSolution
		Debug|Any CPU = Debug|Any CPU
		Release|Any CPU = Release|Any CPU
	EndGlobalSection
	GlobalSection(ProjectConfigurationPlatforms) = postSolution
		{BA89B7B0-75B1-4117-A4CE-09B0E7006820}.Debug|Any CPU.ActiveCfg = Debug|Any CPU
		{BA89B7B0-75B1-4117-A4CE-09B0E7006820}.Debug|Any CPU.Build.0 = Debug|Any CPU
		{BA89B7B0-75B1-4117-A4CE-09B0E7006820}.Debug|Any CPU.Deploy.0 = Debug|Any CPU
		{BA89B7B0-75B1-4117-A4CE-09B0E7006820}.Release|Any CPU.ActiveCfg = Release|Any CPU
		{BA89B7B0-75B1-4117-A4CE-09B0E7006820}.Release|Any CPU.Build.0 = Release|Any CPU
		{BA89B7B0-75B1-4117-A4CE-09B0E7006820}.Release|Any CPU.Deploy.0 = Release|Any CPU
		{FD807AEC-8553-4978-B3DB-418C0A7EB83B}.Debug|Any CPU.ActiveCfg = Debug|Any CPU
		{FD807AEC-8553-4978-B3DB-418C0A7EB83B}.Debug|Any CPU.Build.0 = Debug|Any CPU
		{FD807AEC-8553-4978-B3DB-418C0A7EB83B}.Release|Any CPU.ActiveCfg = Release|Any CPU
		{FD807AEC-8553-4978-B3DB-418C0A7EB83B}.Release|Any CPU.Build.0 = Release|Any CPU
	EndGlobalSection
	GlobalSection(SolutionProperties) = preSolution
		HideSolutionNode = FALSE
	EndGlobalSection
	GlobalSection(ExtensibilityGlobals) = postSolution
		SolutionGuid = {318A3EA5-6465-4596-B90A-5416B78464E5}
	EndGlobalSection
EndGlobal
